
Microsoft Visual Studio Solution File, Format Version 12.00
# Visual Studio Version 17
VisualStudioVersion = 17.6.33815.320
MinimumVisualStudioVersion = 10.0.40219.1
Project("{FAE04EC0-301F-11D3-BF4B-00C04F79EFBC}") = "CreateDBAndSaveDataFromWebServer", "CreateDBAndSaveDataFromWebServer.csproj", "{3FDD72BF-C44C-497B-AE4F-7C70268D2F7B}"
EndProject
Global
	GlobalSection(SolutionConfigurationPlatforms) = preSolution
		Debug|Any CPU = Debug|Any CPU
		Release|Any CPU = Release|Any CPU
	EndGlobalSection
	GlobalSection(ProjectConfigurationPlatforms) = postSolution
		{3FDD72BF-C44C-497B-AE4F-7C70268D2F7B}.Debug|Any CPU.ActiveCfg = Debug|Any CPU
		{3FDD72BF-C44C-497B-AE4F-7C70268D2F7B}.Debug|Any CPU.Build.0 = Debug|Any CPU
		{3FDD72BF-C44C-497B-AE4F-7C70268D2F7B}.Release|Any CPU.ActiveCfg = Release|Any CPU
		{3FDD72BF-C44C-497B-AE4F-7C70268D2F7B}.Release|Any CPU.Build.0 = Release|Any CPU
	EndGlobalSection
	GlobalSection(SolutionProperties) = preSolution
		HideSolutionNode = FALSE
	EndGlobalSection
	GlobalSection(ExtensibilityGlobals) = postSolution
		SolutionGuid = {29806047-CECF-45BA-8981-239C8747C874}
	EndGlobalSection
EndGlobal
