
Microsoft Visual Studio Solution File, Format Version 12.00
# Visual Studio Version 17
VisualStudioVersion = 17.6.33801.468
MinimumVisualStudioVersion = 10.0.40219.1
Project("{FAE04EC0-301F-11D3-BF4B-00C04F79EFBC}") = "Banking", "Banking\Banking.csproj", "{B9210C7B-176E-4195-A9FC-04E983E0DB01}"
EndProject
Project("{FAE04EC0-301F-11D3-BF4B-00C04F79EFBC}") = "BankClient", "..\BankClient\BankClient.csproj", "{B3B97C53-3CD2-43C8-8C8C-40139DE4CF21}"
EndProject
Global
	GlobalSection(SolutionConfigurationPlatforms) = preSolution
		Debug|Any CPU = Debug|Any CPU
		Release|Any CPU = Release|Any CPU
	EndGlobalSection
	GlobalSection(ProjectConfigurationPlatforms) = postSolution
		{B9210C7B-176E-4195-A9FC-04E983E0DB01}.Debug|Any CPU.ActiveCfg = Debug|Any CPU
		{B9210C7B-176E-4195-A9FC-04E983E0DB01}.Debug|Any CPU.Build.0 = Debug|Any CPU
		{B9210C7B-176E-4195-A9FC-04E983E0DB01}.Release|Any CPU.ActiveCfg = Release|Any CPU
		{B9210C7B-176E-4195-A9FC-04E983E0DB01}.Release|Any CPU.Build.0 = Release|Any CPU
		{B3B97C53-3CD2-43C8-8C8C-40139DE4CF21}.Debug|Any CPU.ActiveCfg = Debug|Any CPU
		{B3B97C53-3CD2-43C8-8C8C-40139DE4CF21}.Debug|Any CPU.Build.0 = Debug|Any CPU
		{B3B97C53-3CD2-43C8-8C8C-40139DE4CF21}.Release|Any CPU.ActiveCfg = Release|Any CPU
		{B3B97C53-3CD2-43C8-8C8C-40139DE4CF21}.Release|Any CPU.Build.0 = Release|Any CPU
	EndGlobalSection
	GlobalSection(SolutionProperties) = preSolution
		HideSolutionNode = FALSE
	EndGlobalSection
	GlobalSection(ExtensibilityGlobals) = postSolution
		SolutionGuid = {CCB5D738-1EFC-4F5F-AF0A-309FE7E003D7}
	EndGlobalSection
EndGlobal
