
Microsoft Visual Studio Solution File, Format Version 12.00
# Visual Studio Version 17
VisualStudioVersion = 17.6.33723.286
MinimumVisualStudioVersion = 10.0.40219.1
Project("{FAE04EC0-301F-11D3-BF4B-00C04F79EFBC}") = "ConsoleApp1", "ConsoleApp1\ConsoleApp1.csproj", "{2DA03699-0D0E-4C78-96E9-205944945DC4}"
EndProject
Global
	GlobalSection(SolutionConfigurationPlatforms) = preSolution
		Debug|Any CPU = Debug|Any CPU
		Release|Any CPU = Release|Any CPU
	EndGlobalSection
	GlobalSection(ProjectConfigurationPlatforms) = postSolution
		{2DA03699-0D0E-4C78-96E9-205944945DC4}.Debug|Any CPU.ActiveCfg = Debug|Any CPU
		{2DA03699-0D0E-4C78-96E9-205944945DC4}.Debug|Any CPU.Build.0 = Debug|Any CPU
		{2DA03699-0D0E-4C78-96E9-205944945DC4}.Release|Any CPU.ActiveCfg = Release|Any CPU
		{2DA03699-0D0E-4C78-96E9-205944945DC4}.Release|Any CPU.Build.0 = Release|Any CPU
	EndGlobalSection
	GlobalSection(SolutionProperties) = preSolution
		HideSolutionNode = FALSE
	EndGlobalSection
	GlobalSection(ExtensibilityGlobals) = postSolution
		SolutionGuid = {9C6099F8-47D0-4F6C-A162-C7DD1135E58A}
	EndGlobalSection
EndGlobal
