
Microsoft Visual Studio Solution File, Format Version 12.00
# Visual Studio Version 17
VisualStudioVersion = 17.6.33723.286
MinimumVisualStudioVersion = 10.0.40219.1
Project("{FAE04EC0-301F-11D3-BF4B-00C04F79EFBC}") = "Arrays", "Arrays\Arrays.csproj", "{10BD8287-D7C9-4D4F-B90B-4EABBB591CE3}"
EndProject
Global
	GlobalSection(SolutionConfigurationPlatforms) = preSolution
		Debug|Any CPU = Debug|Any CPU
		Release|Any CPU = Release|Any CPU
	EndGlobalSection
	GlobalSection(ProjectConfigurationPlatforms) = postSolution
		{10BD8287-D7C9-4D4F-B90B-4EABBB591CE3}.Debug|Any CPU.ActiveCfg = Debug|Any CPU
		{10BD8287-D7C9-4D4F-B90B-4EABBB591CE3}.Debug|Any CPU.Build.0 = Debug|Any CPU
		{10BD8287-D7C9-4D4F-B90B-4EABBB591CE3}.Release|Any CPU.ActiveCfg = Release|Any CPU
		{10BD8287-D7C9-4D4F-B90B-4EABBB591CE3}.Release|Any CPU.Build.0 = Release|Any CPU
	EndGlobalSection
	GlobalSection(SolutionProperties) = preSolution
		HideSolutionNode = FALSE
	EndGlobalSection
	GlobalSection(ExtensibilityGlobals) = postSolution
		SolutionGuid = {CD29BD07-E59C-4920-A33B-495F469CA15F}
	EndGlobalSection
EndGlobal
