
Microsoft Visual Studio Solution File, Format Version 12.00
# Visual Studio Version 17
VisualStudioVersion = 17.6.33723.286
MinimumVisualStudioVersion = 10.0.40219.1
Project("{FAE04EC0-301F-11D3-BF4B-00C04F79EFBC}") = "Interfaces", "Interfaces\Interfaces.csproj", "{F03CBC83-43D5-4F38-ADF1-5B0F71109C0F}"
EndProject
Global
	GlobalSection(SolutionConfigurationPlatforms) = preSolution
		Debug|Any CPU = Debug|Any CPU
		Release|Any CPU = Release|Any CPU
	EndGlobalSection
	GlobalSection(ProjectConfigurationPlatforms) = postSolution
		{F03CBC83-43D5-4F38-ADF1-5B0F71109C0F}.Debug|Any CPU.ActiveCfg = Debug|Any CPU
		{F03CBC83-43D5-4F38-ADF1-5B0F71109C0F}.Debug|Any CPU.Build.0 = Debug|Any CPU
		{F03CBC83-43D5-4F38-ADF1-5B0F71109C0F}.Release|Any CPU.ActiveCfg = Release|Any CPU
		{F03CBC83-43D5-4F38-ADF1-5B0F71109C0F}.Release|Any CPU.Build.0 = Release|Any CPU
	EndGlobalSection
	GlobalSection(SolutionProperties) = preSolution
		HideSolutionNode = FALSE
	EndGlobalSection
	GlobalSection(ExtensibilityGlobals) = postSolution
		SolutionGuid = {C4AF53E6-CC84-42C1-A7D5-10628B29546D}
	EndGlobalSection
EndGlobal
