
Microsoft Visual Studio Solution File, Format Version 12.00
# Visual Studio Version 17
VisualStudioVersion = 17.6.33801.468
MinimumVisualStudioVersion = 10.0.40219.1
Project("{FAE04EC0-301F-11D3-BF4B-00C04F79EFBC}") = "PrivateAssembly", "PrivateAssembly\PrivateAssembly.csproj", "{7E8D8937-E689-4D0C-AFA3-89D922265FEA}"
EndProject
Global
	GlobalSection(SolutionConfigurationPlatforms) = preSolution
		Debug|Any CPU = Debug|Any CPU
		Release|Any CPU = Release|Any CPU
	EndGlobalSection
	GlobalSection(ProjectConfigurationPlatforms) = postSolution
		{7E8D8937-E689-4D0C-AFA3-89D922265FEA}.Debug|Any CPU.ActiveCfg = Debug|Any CPU
		{7E8D8937-E689-4D0C-AFA3-89D922265FEA}.Debug|Any CPU.Build.0 = Debug|Any CPU
		{7E8D8937-E689-4D0C-AFA3-89D922265FEA}.Release|Any CPU.ActiveCfg = Release|Any CPU
		{7E8D8937-E689-4D0C-AFA3-89D922265FEA}.Release|Any CPU.Build.0 = Release|Any CPU
	EndGlobalSection
	GlobalSection(SolutionProperties) = preSolution
		HideSolutionNode = FALSE
	EndGlobalSection
	GlobalSection(ExtensibilityGlobals) = postSolution
		SolutionGuid = {DAF370C4-E6FE-4947-BCB0-34273E67DA47}
	EndGlobalSection
EndGlobal
